
Microsoft Visual Studio Solution File, Format Version 12.00
Project("{FAE04EC0-301F-11D3-BF4B-00C04F79EFBC}") = "Sentinel", "Sentinel.csproj", "{AF6FF32A-D80E-4444-BAC9-EC6A76B020A1}"
EndProject
Project("{FAE04EC0-301F-11D3-BF4B-00C04F79EFBC}") = "X11", "..\X11.Net\X11\X11.csproj", "{0809BF59-95C5-43C9-8933-8D6C7CFBE34A}"
EndProject
Global
	GlobalSection(SolutionConfigurationPlatforms) = preSolution
		Debug|Any CPU = Debug|Any CPU
		Release|Any CPU = Release|Any CPU
	EndGlobalSection
	GlobalSection(ProjectConfigurationPlatforms) = postSolution
		{AF6FF32A-D80E-4444-BAC9-EC6A76B020A1}.Debug|Any CPU.ActiveCfg = Debug|Any CPU
		{AF6FF32A-D80E-4444-BAC9-EC6A76B020A1}.Debug|Any CPU.Build.0 = Debug|Any CPU
		{AF6FF32A-D80E-4444-BAC9-EC6A76B020A1}.Release|Any CPU.ActiveCfg = Release|Any CPU
		{AF6FF32A-D80E-4444-BAC9-EC6A76B020A1}.Release|Any CPU.Build.0 = Release|Any CPU
		{0809BF59-95C5-43C9-8933-8D6C7CFBE34A}.Debug|Any CPU.ActiveCfg = Debug|Any CPU
		{0809BF59-95C5-43C9-8933-8D6C7CFBE34A}.Debug|Any CPU.Build.0 = Debug|Any CPU
		{0809BF59-95C5-43C9-8933-8D6C7CFBE34A}.Release|Any CPU.ActiveCfg = Release|Any CPU
		{0809BF59-95C5-43C9-8933-8D6C7CFBE34A}.Release|Any CPU.Build.0 = Release|Any CPU
	EndGlobalSection
EndGlobal
